
Microsoft Visual Studio Solution File, Format Version 12.00
# Visual Studio Version 16
VisualStudioVersion = 16.0.32428.217
MinimumVisualStudioVersion = 10.0.40219.1
Project("{FAE04EC0-301F-11D3-BF4B-00C04F79EFBC}") = "ConsoleApp18", "ConsoleApp18.csproj", "{977CE891-8270-4D39-9477-05FEE1C11AE6}"
EndProject
Global
	GlobalSection(SolutionConfigurationPlatforms) = preSolution
		Debug|Any CPU = Debug|Any CPU
		Release|Any CPU = Release|Any CPU
	EndGlobalSection
	GlobalSection(ProjectConfigurationPlatforms) = postSolution
		{977CE891-8270-4D39-9477-05FEE1C11AE6}.Debug|Any CPU.ActiveCfg = Debug|Any CPU
		{977CE891-8270-4D39-9477-05FEE1C11AE6}.Debug|Any CPU.Build.0 = Debug|Any CPU
		{977CE891-8270-4D39-9477-05FEE1C11AE6}.Release|Any CPU.ActiveCfg = Release|Any CPU
		{977CE891-8270-4D39-9477-05FEE1C11AE6}.Release|Any CPU.Build.0 = Release|Any CPU
	EndGlobalSection
	GlobalSection(SolutionProperties) = preSolution
		HideSolutionNode = FALSE
	EndGlobalSection
	GlobalSection(ExtensibilityGlobals) = postSolution
		SolutionGuid = {0BC913A6-7751-4084-A1EB-EC5A3D364486}
	EndGlobalSection
EndGlobal
